
Microsoft Visual Studio Solution File, Format Version 12.00
# Visual Studio Version 16
VisualStudioVersion = 16.0.31229.75
MinimumVisualStudioVersion = 10.0.40219.1
Project("{FAE04EC0-301F-11D3-BF4B-00C04F79EFBC}") = "AltTextProject", "AltTextProject\AltTextProject.csproj", "{2B7070CA-6B72-441D-BD4E-5D5DD31D5618}"
EndProject
Project("{FAE04EC0-301F-11D3-BF4B-00C04F79EFBC}") = "AltTextProjectWeb", "AltTextProjectWeb\AltTextProjectWeb.csproj", "{BD3F93AA-4353-4757-8726-7B9F621D61D3}"
EndProject
Global
	GlobalSection(SolutionConfigurationPlatforms) = preSolution
		Debug|Any CPU = Debug|Any CPU
		Release|Any CPU = Release|Any CPU
	EndGlobalSection
	GlobalSection(ProjectConfigurationPlatforms) = postSolution
		{2B7070CA-6B72-441D-BD4E-5D5DD31D5618}.Debug|Any CPU.ActiveCfg = Debug|Any CPU
		{2B7070CA-6B72-441D-BD4E-5D5DD31D5618}.Debug|Any CPU.Build.0 = Debug|Any CPU
		{2B7070CA-6B72-441D-BD4E-5D5DD31D5618}.Debug|Any CPU.Deploy.0 = Debug|Any CPU
		{2B7070CA-6B72-441D-BD4E-5D5DD31D5618}.Release|Any CPU.ActiveCfg = Release|Any CPU
		{2B7070CA-6B72-441D-BD4E-5D5DD31D5618}.Release|Any CPU.Build.0 = Release|Any CPU
		{2B7070CA-6B72-441D-BD4E-5D5DD31D5618}.Release|Any CPU.Deploy.0 = Release|Any CPU
		{BD3F93AA-4353-4757-8726-7B9F621D61D3}.Debug|Any CPU.ActiveCfg = Debug|Any CPU
		{BD3F93AA-4353-4757-8726-7B9F621D61D3}.Debug|Any CPU.Build.0 = Debug|Any CPU
		{BD3F93AA-4353-4757-8726-7B9F621D61D3}.Release|Any CPU.ActiveCfg = Release|Any CPU
		{BD3F93AA-4353-4757-8726-7B9F621D61D3}.Release|Any CPU.Build.0 = Release|Any CPU
	EndGlobalSection
	GlobalSection(SolutionProperties) = preSolution
		HideSolutionNode = FALSE
	EndGlobalSection
	GlobalSection(ExtensibilityGlobals) = postSolution
		SolutionGuid = {87A8180C-2146-4DBF-BA13-BE3D566974A6}
	EndGlobalSection
EndGlobal
